// !$*UTF8*$!
{
	archiveVersion = 1;
	classes = {
	};
	objectVersion = 46;
	objects = {

/* Begin PBXBuildFile section */
		E727D6EC1D8EA89900BD82B8 /* main.m in Sources */ = {isa = PBXBuildFile; fileRef = E727D6EB1D8EA89900BD82B8 /* main.m */; };
		E727D6EF1D8EA89900BD82B8 /* AppDelegate.m in Sources */ = {isa = PBXBuildFile; fileRef = E727D6EE1D8EA89900BD82B8 /* AppDelegate.m */; };
		E727D6F21D8EA89900BD82B8 /* ViewController.m in Sources */ = {isa = PBXBuildFile; fileRef = E727D6F11D8EA89900BD82B8 /* ViewController.m */; };
		E727D6F51D8EA89900BD82B8 /* Main.storyboard in Resources */ = {isa = PBXBuildFile; fileRef = E727D6F31D8EA89900BD82B8 /* Main.storyboard */; };
		E727D6F71D8EA89900BD82B8 /* Assets.xcassets in Resources */ = {isa = PBXBuildFile; fileRef = E727D6F61D8EA89900BD82B8 /* Assets.xcassets */; };
		E727D6FA1D8EA89900BD82B8 /* LaunchScreen.storyboard in Resources */ = {isa = PBXBuildFile; fileRef = E727D6F81D8EA89900BD82B8 /* LaunchScreen.storyboard */; };
		E727D7051D8EA89A00BD82B8 /* DecoratorTests.m in Sources */ = {isa = PBXBuildFile; fileRef = E727D7041D8EA89A00BD82B8 /* DecoratorTests.m */; };
		E727D7101D8EA89A00BD82B8 /* DecoratorUITests.m in Sources */ = {isa = PBXBuildFile; fileRef = E727D70F1D8EA89A00BD82B8 /* DecoratorUITests.m */; };
/* End PBXBuildFile section */

/* Begin PBXContainerItemProxy section */
		E727D7011D8EA89A00BD82B8 /* PBXContainerItemProxy */ = {
			isa = PBXContainerItemProxy;
			containerPortal = E727D6DF1D8EA89900BD82B8 /* Project object */;
			proxyType = 1;
			remoteGlobalIDString = E727D6E61D8EA89900BD82B8;
			remoteInfo = Decorator;
		};
		E727D70C1D8EA89A00BD82B8 /* PBXContainerItemProxy */ = {
			isa = PBXContainerItemProxy;
			containerPortal = E727D6DF1D8EA89900BD82B8 /* Project object */;
			proxyType = 1;
			remoteGlobalIDString = E727D6E61D8EA89900BD82B8;
			remoteInfo = Decorator;
		};
/* End PBXContainerItemProxy section */

/* Begin PBXFileReference section */
		E727D6E71D8EA89900BD82B8 /* Decorator.app */ = {isa = PBXFileReference; explicitFileType = wrapper.application; includeInIndex = 0; path = Decorator.app; sourceTree = BUILT_PRODUCTS_DIR; };
		E727D6EB1D8EA89900BD82B8 /* main.m */ = {isa = PBXFileReference; lastKnownFileType = sourcecode.c.objc; path = main.m; sourceTree = "<group>"; };
		E727D6ED1D8EA89900BD82B8 /* AppDelegate.h */ = {isa = PBXFileReference; lastKnownFileType = sourcecode.c.h; path = AppDelegate.h; sourceTree = "<group>"; };
		E727D6EE1D8EA89900BD82B8 /* AppDelegate.m */ = {isa = PBXFileReference; lastKnownFileType = sourcecode.c.objc; path = AppDelegate.m; sourceTree = "<group>"; };
		E727D6F01D8EA89900BD82B8 /* ViewController.h */ = {isa = PBXFileReference; lastKnownFileType = sourcecode.c.h; path = ViewController.h; sourceTree = "<group>"; };
		E727D6F11D8EA89900BD82B8 /* ViewController.m */ = {isa = PBXFileReference; lastKnownFileType = sourcecode.c.objc; path = ViewController.m; sourceTree = "<group>"; };
		E727D6F41D8EA89900BD82B8 /* Base */ = {isa = PBXFileReference; lastKnownFileType = file.storyboard; name = Base; path = Base.lproj/Main.storyboard; sourceTree = "<group>"; };
		E727D6F61D8EA89900BD82B8 /* Assets.xcassets */ = {isa = PBXFileReference; lastKnownFileType = folder.assetcatalog; path = Assets.xcassets; sourceTree = "<group>"; };
		E727D6F91D8EA89900BD82B8 /* Base */ = {isa = PBXFileReference; lastKnownFileType = file.storyboard; name = Base; path = Base.lproj/LaunchScreen.storyboard; sourceTree = "<group>"; };
		E727D6FB1D8EA89900BD82B8 /* Info.plist */ = {isa = PBXFileReference; lastKnownFileType = text.plist.xml; path = Info.plist; sourceTree = "<group>"; };
		E727D7001D8EA89A00BD82B8 /* DecoratorTests.xctest */ = {isa = PBXFileReference; explicitFileType = wrapper.cfbundle; includeInIndex = 0; path = DecoratorTests.xctest; sourceTree = BUILT_PRODUCTS_DIR; };
		E727D7041D8EA89A00BD82B8 /* DecoratorTests.m */ = {isa = PBXFileReference; lastKnownFileType = sourcecode.c.objc; path = DecoratorTests.m; sourceTree = "<group>"; };
		E727D7061D8EA89A00BD82B8 /* Info.plist */ = {isa = PBXFileReference; lastKnownFileType = text.plist.xml; path = Info.plist; sourceTree = "<group>"; };
		E727D70B1D8EA89A00BD82B8 /* DecoratorUITests.xctest */ = {isa = PBXFileReference; explicitFileType = wrapper.cfbundle; includeInIndex = 0; path = DecoratorUITests.xctest; sourceTree = BUILT_PRODUCTS_DIR; };
		E727D70F1D8EA89A00BD82B8 /* DecoratorUITests.m */ = {isa = PBXFileReference; lastKnownFileType = sourcecode.c.objc; path = DecoratorUITests.m; sourceTree = "<group>"; };
		E727D7111D8EA89A00BD82B8 /* Info.plist */ = {isa = PBXFileReference; lastKnownFileType = text.plist.xml; path = Info.plist; sourceTree = "<group>"; };
/* End PBXFileReference section */

/* Begin PBXFrameworksBuildPhase section */
		E727D6E41D8EA89900BD82B8 /* Frameworks */ = {
			isa = PBXFrameworksBuildPhase;
			buildActionMask = 2147483647;
			files = (
			);
			runOnlyForDeploymentPostprocessing = 0;
		};
		E727D6FD1D8EA89A00BD82B8 /* Frameworks */ = {
			isa = PBXFrameworksBuildPhase;
			buildActionMask = 2147483647;
			files = (
			);
			runOnlyForDeploymentPostprocessing = 0;
		};
		E727D7081D8EA89A00BD82B8 /* Frameworks */ = {
			isa = PBXFrameworksBuildPhase;
			buildActionMask = 2147483647;
			files = (
			);
			runOnlyForDeploymentPostprocessing = 0;
		};
/* End PBXFrameworksBuildPhase section */

/* Begin PBXGroup section */
		E727D6DE1D8EA89900BD82B8 = {
			isa = PBXGroup;
			children = (
				E727D6E91D8EA89900BD82B8 /* Decorator */,
				E727D7031D8EA89A00BD82B8 /* DecoratorTests */,
				E727D70E1D8EA89A00BD82B8 /* DecoratorUITests */,
				E727D6E81D8EA89900BD82B8 /* Products */,
			);
			sourceTree = "<group>";
		};
		E727D6E81D8EA89900BD82B8 /* Products */ = {
			isa = PBXGroup;
			children = (
				E727D6E71D8EA89900BD82B8 /* Decorator.app */,
				E727D7001D8EA89A00BD82B8 /* DecoratorTests.xctest */,
				E727D70B1D8EA89A00BD82B8 /* DecoratorUITests.xctest */,
			);
			name = Products;
			sourceTree = "<group>";
		};
		E727D6E91D8EA89900BD82B8 /* Decorator */ = {
			isa = PBXGroup;
			children = (
				E727D6ED1D8EA89900BD82B8 /* AppDelegate.h */,
				E727D6EE1D8EA89900BD82B8 /* AppDelegate.m */,
				E727D6F01D8EA89900BD82B8 /* ViewController.h */,
				E727D6F11D8EA89900BD82B8 /* ViewController.m */,
				E727D6F31D8EA89900BD82B8 /* Main.storyboard */,
				E727D6F61D8EA89900BD82B8 /* Assets.xcassets */,
				E727D6F81D8EA89900BD82B8 /* LaunchScreen.storyboard */,
				E727D6FB1D8EA89900BD82B8 /* Info.plist */,
				E727D6EA1D8EA89900BD82B8 /* Supporting Files */,
			);
			path = Decorator;
			sourceTree = "<group>";
		};
		E727D6EA1D8EA89900BD82B8 /* Supporting Files */ = {
			isa = PBXGroup;
			children = (
				E727D6EB1D8EA89900BD82B8 /* main.m */,
			);
			name = "Supporting Files";
			sourceTree = "<group>";
		};
		E727D7031D8EA89A00BD82B8 /* DecoratorTests */ = {
			isa = PBXGroup;
			children = (
				E727D7041D8EA89A00BD82B8 /* DecoratorTests.m */,
				E727D7061D8EA89A00BD82B8 /* Info.plist */,
			);
			path = DecoratorTests;
			sourceTree = "<group>";
		};
		E727D70E1D8EA89A00BD82B8 /* DecoratorUITests */ = {
			isa = PBXGroup;
			children = (
				E727D70F1D8EA89A00BD82B8 /* DecoratorUITests.m */,
				E727D7111D8EA89A00BD82B8 /* Info.plist */,
			);
			path = DecoratorUITests;
			sourceTree = "<group>";
		};
/* End PBXGroup section */

/* Begin PBXNativeTarget section */
		E727D6E61D8EA89900BD82B8 /* Decorator */ = {
			isa = PBXNativeTarget;
			buildConfigurationList = E727D7141D8EA89A00BD82B8 /* Build configuration list for PBXNativeTarget "Decorator" */;
			buildPhases = (
				E727D6E31D8EA89900BD82B8 /* Sources */,
				E727D6E41D8EA89900BD82B8 /* Frameworks */,
				E727D6E51D8EA89900BD82B8 /* Resources */,
			);
			buildRules = (
			);
			dependencies = (
			);
			name = Decorator;
			productName = Decorator;
			productReference = E727D6E71D8EA89900BD82B8 /* Decorator.app */;
			productType = "com.apple.product-type.application";
		};
		E727D6FF1D8EA89A00BD82B8 /* DecoratorTests */ = {
			isa = PBXNativeTarget;
			buildConfigurationList = E727D7171D8EA89A00BD82B8 /* Build configuration list for PBXNativeTarget "DecoratorTests" */;
			buildPhases = (
				E727D6FC1D8EA89A00BD82B8 /* Sources */,
				E727D6FD1D8EA89A00BD82B8 /* Frameworks */,
				E727D6FE1D8EA89A00BD82B8 /* Resources */,
			);
			buildRules = (
			);
			dependencies = (
				E727D7021D8EA89A00BD82B8 /* PBXTargetDependency */,
			);
			name = DecoratorTests;
			productName = DecoratorTests;
			productReference = E727D7001D8EA89A00BD82B8 /* DecoratorTests.xctest */;
			productType = "com.apple.product-type.bundle.unit-test";
		};
		E727D70A1D8EA89A00BD82B8 /* DecoratorUITests */ = {
			isa = PBXNativeTarget;
			buildConfigurationList = E727D71A1D8EA89A00BD82B8 /* Build configuration list for PBXNativeTarget "DecoratorUITests" */;
			buildPhases = (
				E727D7071D8EA89A00BD82B8 /* Sources */,
				E727D7081D8EA89A00BD82B8 /* Frameworks */,
				E727D7091D8EA89A00BD82B8 /* Resources */,
			);
			buildRules = (
			);
			dependencies = (
				E727D70D1D8EA89A00BD82B8 /* PBXTargetDependency */,
			);
			name = DecoratorUITests;
			productName = DecoratorUITests;
			productReference = E727D70B1D8EA89A00BD82B8 /* DecoratorUITests.xctest */;
			productType = "com.apple.product-type.bundle.ui-testing";
		};
/* End PBXNativeTarget section */

/* Begin PBXProject section */
		E727D6DF1D8EA89900BD82B8 /* Project object */ = {
			isa = PBXProject;
			attributes = {
				LastUpgradeCheck = 0720;
				ORGANIZATIONNAME = DaFenQi;
				TargetAttributes = {
					E727D6E61D8EA89900BD82B8 = {
						CreatedOnToolsVersion = 7.2.1;
						DevelopmentTeam = 7FZ9ATKHW2;
					};
					E727D6FF1D8EA89A00BD82B8 = {
						CreatedOnToolsVersion = 7.2.1;
						DevelopmentTeam = 7FZ9ATKHW2;
						TestTargetID = E727D6E61D8EA89900BD82B8;
					};
					E727D70A1D8EA89A00BD82B8 = {
						CreatedOnToolsVersion = 7.2.1;
						DevelopmentTeam = 7FZ9ATKHW2;
						TestTargetID = E727D6E61D8EA89900BD82B8;
					};
				};
			};
			buildConfigurationList = E727D6E21D8EA89900BD82B8 /* Build configuration list for PBXProject "Decorator" */;
			compatibilityVersion = "Xcode 3.2";
			developmentRegion = English;
			hasScannedForEncodings = 0;
			knownRegions = (
				en,
				Base,
			);
			mainGroup = E727D6DE1D8EA89900BD82B8;
			productRefGroup = E727D6E81D8EA89900BD82B8 /* Products */;
			projectDirPath = "";
			projectRoot = "";
			targets = (
				E727D6E61D8EA89900BD82B8 /* Decorator */,
				E727D6FF1D8EA89A00BD82B8 /* DecoratorTests */,
				E727D70A1D8EA89A00BD82B8 /* DecoratorUITests */,
			);
		};
/* End PBXProject section */

/* Begin PBXResourcesBuildPhase section */
		E727D6E51D8EA89900BD82B8 /* Resources */ = {
			isa = PBXResourcesBuildPhase;
			buildActionMask = 2147483647;
			files = (
				E727D6FA1D8EA89900BD82B8 /* LaunchScreen.storyboard in Resources */,
				E727D6F71D8EA89900BD82B8 /* Assets.xcassets in Resources */,
				E727D6F51D8EA89900BD82B8 /* Main.storyboard in Resources */,
			);
			runOnlyForDeploymentPostprocessing = 0;
		};
		E727D6FE1D8EA89A00BD82B8 /* Resources */ = {
			isa = PBXResourcesBuildPhase;
			buildActionMask = 2147483647;
			files = (
			);
			runOnlyForDeploymentPostprocessing = 0;
		};
		E727D7091D8EA89A00BD82B8 /* Resources */ = {
			isa = PBXResourcesBuildPhase;
			buildActionMask = 2147483647;
			files = (
			);
			runOnlyForDeploymentPostprocessing = 0;
		};
/* End PBXResourcesBuildPhase section */

/* Begin PBXSourcesBuildPhase section */
		E727D6E31D8EA89900BD82B8 /* Sources */ = {
			isa = PBXSourcesBuildPhase;
			buildActionMask = 2147483647;
			files = (
				E727D6F21D8EA89900BD82B8 /* ViewController.m in Sources */,
				E727D6EF1D8EA89900BD82B8 /* AppDelegate.m in Sources */,
				E727D6EC1D8EA89900BD82B8 /* main.m in Sources */,
			);
			runOnlyForDeploymentPostprocessing = 0;
		};
		E727D6FC1D8EA89A00BD82B8 /* Sources */ = {
			isa = PBXSourcesBuildPhase;
			buildActionMask = 2147483647;
			files = (
				E727D7051D8EA89A00BD82B8 /* DecoratorTests.m in Sources */,
			);
			runOnlyForDeploymentPostprocessing = 0;
		};
		E727D7071D8EA89A00BD82B8 /* Sources */ = {
			isa = PBXSourcesBuildPhase;
			buildActionMask = 2147483647;
			files = (
				E727D7101D8EA89A00BD82B8 /* DecoratorUITests.m in Sources */,
			);
			runOnlyForDeploymentPostprocessing = 0;
		};
/* End PBXSourcesBuildPhase section */

/* Begin PBXTargetDependency section */
		E727D7021D8EA89A00BD82B8 /* PBXTargetDependency */ = {
			isa = PBXTargetDependency;
			target = E727D6E61D8EA89900BD82B8 /* Decorator */;
			targetProxy = E727D7011D8EA89A00BD82B8 /* PBXContainerItemProxy */;
		};
		E727D70D1D8EA89A00BD82B8 /* PBXTargetDependency */ = {
			isa = PBXTargetDependency;
			target = E727D6E61D8EA89900BD82B8 /* Decorator */;
			targetProxy = E727D70C1D8EA89A00BD82B8 /* PBXContainerItemProxy */;
		};
/* End PBXTargetDependency section */

/* Begin PBXVariantGroup section */
		E727D6F31D8EA89900BD82B8 /* Main.storyboard */ = {
			isa = PBXVariantGroup;
			children = (
				E727D6F41D8EA89900BD82B8 /* Base */,
			);
			name = Main.storyboard;
			sourceTree = "<group>";
		};
		E727D6F81D8EA89900BD82B8 /* LaunchScreen.storyboard */ = {
			isa = PBXVariantGroup;
			children = (
				E727D6F91D8EA89900BD82B8 /* Base */,
			);
			name = LaunchScreen.storyboard;
			sourceTree = "<group>";
		};
/* End PBXVariantGroup section */

/* Begin XCBuildConfiguration section */
		E727D7121D8EA89A00BD82B8 /* Debug */ = {
			isa = XCBuildConfiguration;
			buildSettings = {
				ALWAYS_SEARCH_USER_PATHS = NO;
				CLANG_CXX_LANGUAGE_STANDARD = "gnu++0x";
				CLANG_CXX_LIBRARY = "libc++";
				CLANG_ENABLE_MODULES = YES;
				CLANG_ENABLE_OBJC_ARC = YES;
				CLANG_WARN_BOOL_CONVERSION = YES;
				CLANG_WARN_CONSTANT_CONVERSION = YES;
				CLANG_WARN_DIRECT_OBJC_ISA_USAGE = YES_ERROR;
				CLANG_WARN_EMPTY_BODY = YES;
				CLANG_WARN_ENUM_CONVERSION = YES;
				CLANG_WARN_INT_CONVERSION = YES;
				CLANG_WARN_OBJC_ROOT_CLASS = YES_ERROR;
				CLANG_WARN_UNREACHABLE_CODE = YES;
				CLANG_WARN__DUPLICATE_METHOD_MATCH = YES;
				"CODE_SIGN_IDENTITY[sdk=iphoneos*]" = "iPhone Developer";
				COPY_PHASE_STRIP = NO;
				DEBUG_INFORMATION_FORMAT = dwarf;
				ENABLE_STRICT_OBJC_MSGSEND = YES;
				ENABLE_TESTABILITY = YES;
				GCC_C_LANGUAGE_STANDARD = gnu99;
				GCC_DYNAMIC_NO_PIC = NO;
				GCC_NO_COMMON_BLOCKS = YES;
				GCC_OPTIMIZATION_LEVEL = 0;
				GCC_PREPROCESSOR_DEFINITIONS = (
					"DEBUG=1",
					"$(inherited)",
				);
				GCC_WARN_64_TO_32_BIT_CONVERSION = YES;
				GCC_WARN_ABOUT_RETURN_TYPE = YES_ERROR;
				GCC_WARN_UNDECLARED_SELECTOR = YES;
				GCC_WARN_UNINITIALIZED_AUTOS = YES_AGGRESSIVE;
				GCC_WARN_UNUSED_FUNCTION = YES;
				GCC_WARN_UNUSED_VARIABLE = YES;
				IPHONEOS_DEPLOYMENT_TARGET = 9.2;
				MTL_ENABLE_DEBUG_INFO = YES;
				ONLY_ACTIVE_ARCH = YES;
				SDKROOT = iphoneos;
				TARGETED_DEVICE_FAMILY = "1,2";
			};
			name = Debug;
		};
		E727D7131D8EA89A00BD82B8 /* Release */ = {
			isa = XCBuildConfiguration;
			buildSettings = {
				ALWAYS_SEARCH_USER_PATHS = NO;
				CLANG_CXX_LANGUAGE_STANDARD = "gnu++0x";
				CLANG_CXX_LIBRARY = "libc++";
				CLANG_ENABLE_MODULES = YES;
				CLANG_ENABLE_OBJC_ARC = YES;
				CLANG_WARN_BOOL_CONVERSION = YES;
				CLANG_WARN_CONSTANT_CONVERSION = YES;
				CLANG_WARN_DIRECT_OBJC_ISA_USAGE = YES_ERROR;
				CLANG_WARN_EMPTY_BODY = YES;
				CLANG_WARN_ENUM_CONVERSION = YES;
				CLANG_WARN_INT_CONVERSION = YES;
				CLANG_WARN_OBJC_ROOT_CLASS = YES_ERROR;
				CLANG_WARN_UNREACHABLE_CODE = YES;
				CLANG_WARN__DUPLICATE_METHOD_MATCH = YES;
				"CODE_SIGN_IDENTITY[sdk=iphoneos*]" = "iPhone Developer";
				COPY_PHASE_STRIP = NO;
				DEBUG_INFORMATION_FORMAT = "dwarf-with-dsym";
				ENABLE_NS_ASSERTIONS = NO;
				ENABLE_STRICT_OBJC_MSGSEND = YES;
				GCC_C_LANGUAGE_STANDARD = gnu99;
				GCC_NO_COMMON_BLOCKS = YES;
				GCC_WARN_64_TO_32_BIT_CONVERSION = YES;
				GCC_WARN_ABOUT_RETURN_TYPE = YES_ERROR;
				GCC_WARN_UNDECLARED_SELECTOR = YES;
				GCC_WARN_UNINITIALIZED_AUTOS = YES_AGGRESSIVE;
				GCC_WARN_UNUSED_FUNCTION = YES;
				GCC_WARN_UNUSED_VARIABLE = YES;
				IPHONEOS_DEPLOYMENT_TARGET = 9.2;
				MTL_ENABLE_DEBUG_INFO = NO;
				SDKROOT = iphoneos;
				TARGETED_DEVICE_FAMILY = "1,2";
				VALIDATE_PRODUCT = YES;
			};
			name = Release;
		};
		E727D7151D8EA89A00BD82B8 /* Debug */ = {
			isa = XCBuildConfiguration;
			buildSettings = {
				ASSETCATALOG_COMPILER_APPICON_NAME = AppIcon;
				INFOPLIST_FILE = Decorator/Info.plist;
				LD_RUNPATH_SEARCH_PATHS = "$(inherited) @executable_path/Frameworks";
				PRODUCT_BUNDLE_IDENTIFIER = DaFenQi.Decorator;
				PRODUCT_NAME = "$(TARGET_NAME)";
			};
			name = Debug;
		};
		E727D7161D8EA89A00BD82B8 /* Release */ = {
			isa = XCBuildConfiguration;
			buildSettings = {
				ASSETCATALOG_COMPILER_APPICON_NAME = AppIcon;
				INFOPLIST_FILE = Decorator/Info.plist;
				LD_RUNPATH_SEARCH_PATHS = "$(inherited) @executable_path/Frameworks";
				PRODUCT_BUNDLE_IDENTIFIER = DaFenQi.Decorator;
				PRODUCT_NAME = "$(TARGET_NAME)";
			};
			name = Release;
		};
		E727D7181D8EA89A00BD82B8 /* Debug */ = {
			isa = XCBuildConfiguration;
			buildSettings = {
				BUNDLE_LOADER = "$(TEST_HOST)";
				INFOPLIST_FILE = DecoratorTests/Info.plist;
				LD_RUNPATH_SEARCH_PATHS = "$(inherited) @executable_path/Frameworks @loader_path/Frameworks";
				PRODUCT_BUNDLE_IDENTIFIER = DaFenQi.DecoratorTests;
				PRODUCT_NAME = "$(TARGET_NAME)";
				TEST_HOST = "$(BUILT_PRODUCTS_DIR)/Decorator.app/Decorator";
			};
			name = Debug;
		};
		E727D7191D8EA89A00BD82B8 /* Release */ = {
			isa = XCBuildConfiguration;
			buildSettings = {
				BUNDLE_LOADER = "$(TEST_HOST)";
				INFOPLIST_FILE = DecoratorTests/Info.plist;
				LD_RUNPATH_SEARCH_PATHS = "$(inherited) @executable_path/Frameworks @loader_path/Frameworks";
				PRODUCT_BUNDLE_IDENTIFIER = DaFenQi.DecoratorTests;
				PRODUCT_NAME = "$(TARGET_NAME)";
				TEST_HOST = "$(BUILT_PRODUCTS_DIR)/Decorator.app/Decorator";
			};
			name = Release;
		};
		E727D71B1D8EA89A00BD82B8 /* Debug */ = {
			isa = XCBuildConfiguration;
			buildSettings = {
				INFOPLIST_FILE = DecoratorUITests/Info.plist;
				LD_RUNPATH_SEARCH_PATHS = "$(inherited) @executable_path/Frameworks @loader_path/Frameworks";
				PRODUCT_BUNDLE_IDENTIFIER = DaFenQi.DecoratorUITests;
				PRODUCT_NAME = "$(TARGET_NAME)";
				TEST_TARGET_NAME = Decorator;
				USES_XCTRUNNER = YES;
			};
			name = Debug;
		};
		E727D71C1D8EA89A00BD82B8 /* Release */ = {
			isa = XCBuildConfiguration;
			buildSettings = {
				INFOPLIST_FILE = DecoratorUITests/Info.plist;
				LD_RUNPATH_SEARCH_PATHS = "$(inherited) @executable_path/Frameworks @loader_path/Frameworks";
				PRODUCT_BUNDLE_IDENTIFIER = DaFenQi.DecoratorUITests;
				PRODUCT_NAME = "$(TARGET_NAME)";
				TEST_TARGET_NAME = Decorator;
				USES_XCTRUNNER = YES;
			};
			name = Release;
		};
/* End XCBuildConfiguration section */

/* Begin XCConfigurationList section */
		E727D6E21D8EA89900BD82B8 /* Build configuration list for PBXProject "Decorator" */ = {
			isa = XCConfigurationList;
			buildConfigurations = (
				E727D7121D8EA89A00BD82B8 /* Debug */,
				E727D7131D8EA89A00BD82B8 /* Release */,
			);
			defaultConfigurationIsVisible = 0;
			defaultConfigurationName = Release;
		};
		E727D7141D8EA89A00BD82B8 /* Build configuration list for PBXNativeTarget "Decorator" */ = {
			isa = XCConfigurationList;
			buildConfigurations = (
				E727D7151D8EA89A00BD82B8 /* Debug */,
				E727D7161D8EA89A00BD82B8 /* Release */,
			);
			defaultConfigurationIsVisible = 0;
		};
		E727D7171D8EA89A00BD82B8 /* Build configuration list for PBXNativeTarget "DecoratorTests" */ = {
			isa = XCConfigurationList;
			buildConfigurations = (
				E727D7181D8EA89A00BD82B8 /* Debug */,
				E727D7191D8EA89A00BD82B8 /* Release */,
			);
			defaultConfigurationIsVisible = 0;
		};
		E727D71A1D8EA89A00BD82B8 /* Build configuration list for PBXNativeTarget "DecoratorUITests" */ = {
			isa = XCConfigurationList;
			buildConfigurations = (
				E727D71B1D8EA89A00BD82B8 /* Debug */,
				E727D71C1D8EA89A00BD82B8 /* Release */,
			);
			defaultConfigurationIsVisible = 0;
		};
/* End XCConfigurationList section */
	};
	rootObject = E727D6DF1D8EA89900BD82B8 /* Project object */;
}
